
Microsoft Visual Studio Solution File, Format Version 12.00
# Visual Studio 2013
VisualStudioVersion = 12.0.31101.0
MinimumVisualStudioVersion = 10.0.40219.1
Project("{FAE04EC0-301F-11D3-BF4B-00C04F79EFBC}") = "CodeGen.App", "src\CodeGen.App\CodeGen.App.csproj", "{E5BBDC80-1168-4686-AA51-D7D513F6AAE0}"
EndProject
Project("{2150E333-8FDC-42A3-9474-1A3956D46DE8}") = "Persistence", "Persistence", "{18597B76-FE2F-4099-8E00-C906918919AF}"
EndProject
Project("{FAE04EC0-301F-11D3-BF4B-00C04F79EFBC}") = "CodeGen.Domain", "src\CodeGen.Domain\CodeGen.Domain.csproj", "{CD81C9C1-AD1E-4BB7-BE30-EAA7A584A377}"
EndProject
Project("{FAE04EC0-301F-11D3-BF4B-00C04F79EFBC}") = "CodeGen.Data", "src\CodeGen.Data\CodeGen.Data.csproj", "{7995572A-42DC-406B-B0C4-2E5645C901A7}"
EndProject
Project("{2150E333-8FDC-42A3-9474-1A3956D46DE8}") = "Library", "Library", "{A1DE76B3-7ECC-4D83-A1D6-EEB8CB3244BB}"
EndProject
Project("{FAE04EC0-301F-11D3-BF4B-00C04F79EFBC}") = "CodeGen.Library.AccessModel", "src\CodeGen.Library.AccessModel\CodeGen.Library.AccessModel.csproj", "{07451D36-93F9-4598-8414-BE9269DB06F8}"
EndProject
Project("{FAE04EC0-301F-11D3-BF4B-00C04F79EFBC}") = "CodeGen.Library.System", "src\CodeGen.Library.System\CodeGen.Library.System.csproj", "{6CAA1A18-1551-472B-8CC1-C6D701E6C2B9}"
EndProject
Project("{FAE04EC0-301F-11D3-BF4B-00C04F79EFBC}") = "CodeGen.Library.Formats", "src\CodeGen.Library.Formats\CodeGen.Library.Formats.csproj", "{74E0C129-FC44-4298-A723-444B2D679566}"
EndProject
Global
	GlobalSection(SolutionConfigurationPlatforms) = preSolution
		Debug|Any CPU = Debug|Any CPU
		Release|Any CPU = Release|Any CPU
	EndGlobalSection
	GlobalSection(ProjectConfigurationPlatforms) = postSolution
		{E5BBDC80-1168-4686-AA51-D7D513F6AAE0}.Debug|Any CPU.ActiveCfg = Debug|Any CPU
		{E5BBDC80-1168-4686-AA51-D7D513F6AAE0}.Debug|Any CPU.Build.0 = Debug|Any CPU
		{E5BBDC80-1168-4686-AA51-D7D513F6AAE0}.Release|Any CPU.ActiveCfg = Release|Any CPU
		{E5BBDC80-1168-4686-AA51-D7D513F6AAE0}.Release|Any CPU.Build.0 = Release|Any CPU
		{CD81C9C1-AD1E-4BB7-BE30-EAA7A584A377}.Debug|Any CPU.ActiveCfg = Debug|Any CPU
		{CD81C9C1-AD1E-4BB7-BE30-EAA7A584A377}.Debug|Any CPU.Build.0 = Debug|Any CPU
		{CD81C9C1-AD1E-4BB7-BE30-EAA7A584A377}.Release|Any CPU.ActiveCfg = Release|Any CPU
		{CD81C9C1-AD1E-4BB7-BE30-EAA7A584A377}.Release|Any CPU.Build.0 = Release|Any CPU
		{7995572A-42DC-406B-B0C4-2E5645C901A7}.Debug|Any CPU.ActiveCfg = Debug|Any CPU
		{7995572A-42DC-406B-B0C4-2E5645C901A7}.Debug|Any CPU.Build.0 = Debug|Any CPU
		{7995572A-42DC-406B-B0C4-2E5645C901A7}.Release|Any CPU.ActiveCfg = Release|Any CPU
		{7995572A-42DC-406B-B0C4-2E5645C901A7}.Release|Any CPU.Build.0 = Release|Any CPU
		{07451D36-93F9-4598-8414-BE9269DB06F8}.Debug|Any CPU.ActiveCfg = Debug|Any CPU
		{07451D36-93F9-4598-8414-BE9269DB06F8}.Debug|Any CPU.Build.0 = Debug|Any CPU
		{07451D36-93F9-4598-8414-BE9269DB06F8}.Release|Any CPU.ActiveCfg = Release|Any CPU
		{07451D36-93F9-4598-8414-BE9269DB06F8}.Release|Any CPU.Build.0 = Release|Any CPU
		{6CAA1A18-1551-472B-8CC1-C6D701E6C2B9}.Debug|Any CPU.ActiveCfg = Debug|Any CPU
		{6CAA1A18-1551-472B-8CC1-C6D701E6C2B9}.Debug|Any CPU.Build.0 = Debug|Any CPU
		{6CAA1A18-1551-472B-8CC1-C6D701E6C2B9}.Release|Any CPU.ActiveCfg = Release|Any CPU
		{6CAA1A18-1551-472B-8CC1-C6D701E6C2B9}.Release|Any CPU.Build.0 = Release|Any CPU
		{74E0C129-FC44-4298-A723-444B2D679566}.Debug|Any CPU.ActiveCfg = Debug|Any CPU
		{74E0C129-FC44-4298-A723-444B2D679566}.Debug|Any CPU.Build.0 = Debug|Any CPU
		{74E0C129-FC44-4298-A723-444B2D679566}.Release|Any CPU.ActiveCfg = Release|Any CPU
		{74E0C129-FC44-4298-A723-444B2D679566}.Release|Any CPU.Build.0 = Release|Any CPU
	EndGlobalSection
	GlobalSection(SolutionProperties) = preSolution
		HideSolutionNode = FALSE
	EndGlobalSection
	GlobalSection(NestedProjects) = preSolution
		{CD81C9C1-AD1E-4BB7-BE30-EAA7A584A377} = {18597B76-FE2F-4099-8E00-C906918919AF}
		{7995572A-42DC-406B-B0C4-2E5645C901A7} = {18597B76-FE2F-4099-8E00-C906918919AF}
		{07451D36-93F9-4598-8414-BE9269DB06F8} = {A1DE76B3-7ECC-4D83-A1D6-EEB8CB3244BB}
		{6CAA1A18-1551-472B-8CC1-C6D701E6C2B9} = {A1DE76B3-7ECC-4D83-A1D6-EEB8CB3244BB}
		{74E0C129-FC44-4298-A723-444B2D679566} = {A1DE76B3-7ECC-4D83-A1D6-EEB8CB3244BB}
	EndGlobalSection
EndGlobal
